
Microsoft Visual Studio Solution File, Format Version 12.00
# Visual Studio Version 16
VisualStudioVersion = 16.0.31112.23
MinimumVisualStudioVersion = 10.0.40219.1
Project("{F184B08F-C81C-45F6-A57F-5ABD9991F28F}") = "Exercise8", "Exercise8\Exercise8.vbproj", "{F6E3F421-F883-4A9B-AE52-DAF0830EE0CB}"
EndProject
Global
	GlobalSection(SolutionConfigurationPlatforms) = preSolution
		Debug|Any CPU = Debug|Any CPU
		Release|Any CPU = Release|Any CPU
	EndGlobalSection
	GlobalSection(ProjectConfigurationPlatforms) = postSolution
		{F6E3F421-F883-4A9B-AE52-DAF0830EE0CB}.Debug|Any CPU.ActiveCfg = Debug|Any CPU
		{F6E3F421-F883-4A9B-AE52-DAF0830EE0CB}.Debug|Any CPU.Build.0 = Debug|Any CPU
		{F6E3F421-F883-4A9B-AE52-DAF0830EE0CB}.Release|Any CPU.ActiveCfg = Release|Any CPU
		{F6E3F421-F883-4A9B-AE52-DAF0830EE0CB}.Release|Any CPU.Build.0 = Release|Any CPU
	EndGlobalSection
	GlobalSection(SolutionProperties) = preSolution
		HideSolutionNode = FALSE
	EndGlobalSection
	GlobalSection(ExtensibilityGlobals) = postSolution
		SolutionGuid = {95CE36A4-03CE-4C3A-8DE2-279B595F7D33}
	EndGlobalSection
EndGlobal
