
Microsoft Visual Studio Solution File, Format Version 12.00
# Visual Studio Version 16
VisualStudioVersion = 16.0.31105.61
MinimumVisualStudioVersion = 10.0.40219.1
Project("{F184B08F-C81C-45F6-A57F-5ABD9991F28F}") = "Class1", "Class1\Class1.vbproj", "{E2B599FB-2D0B-439A-8F51-9E37D9675BCB}"
EndProject
Global
	GlobalSection(SolutionConfigurationPlatforms) = preSolution
		Debug|Any CPU = Debug|Any CPU
		Release|Any CPU = Release|Any CPU
	EndGlobalSection
	GlobalSection(ProjectConfigurationPlatforms) = postSolution
		{E2B599FB-2D0B-439A-8F51-9E37D9675BCB}.Debug|Any CPU.ActiveCfg = Debug|Any CPU
		{E2B599FB-2D0B-439A-8F51-9E37D9675BCB}.Debug|Any CPU.Build.0 = Debug|Any CPU
		{E2B599FB-2D0B-439A-8F51-9E37D9675BCB}.Release|Any CPU.ActiveCfg = Release|Any CPU
		{E2B599FB-2D0B-439A-8F51-9E37D9675BCB}.Release|Any CPU.Build.0 = Release|Any CPU
	EndGlobalSection
	GlobalSection(SolutionProperties) = preSolution
		HideSolutionNode = FALSE
	EndGlobalSection
	GlobalSection(ExtensibilityGlobals) = postSolution
		SolutionGuid = {23C4AD93-AF04-4775-A815-6AD697731EAF}
	EndGlobalSection
EndGlobal
